{
    "name": "fleet-tracking-platform-frontend",
    "version": "1.0.0",
    "lockfileVersion": 3,
    "requires": true,
    "packages": {
        "": {
            "name": "fleet-tracking-platform-frontend",
            "version": "1.0.0",
            "dependencies": {
                "lucide": "^1.9.0"
            }
        },
        "node_modules/lucide": {
            "version": "1.9.0",
            "resolved": "https://registry.npmjs.org/lucide/-/lucide-1.9.0.tgz",
            "integrity": "sha512-poKzbK+vbQRUdebn1lMohVipIPUfLdCTy1zFoyrXgtVxNGcaPoItc5jvlth8dv3QjbI52cxFpycta3CZ3EgVSQ==",
            "license": "ISC"
        }
    }
}
